<Solution>
  <Project Path="APIGateway/APIGateway.csproj" DisplayName="ApiGateWay" Id="e1bc23a0-c120-418b-84fc-7619ae7c0a0b" />
  <Project Path="CartService/CartService.csproj" />
  <Project Path="InventoryService/InventoryService.csproj" />
  <Project Path="OrderService/OrderService.csproj" />
  <Project Path="PaymentService/PaymentService.csproj" />
  <Project Path="ProductCategoryService/ProductCategoryService.csproj" />
  <Project Path="ProductService/ProductService.csproj" />
  <Project Path="PurchaseService/PurchaseService.csproj" />
  <Project Path="ReviewService/ReviewService.csproj" />
  <Project Path="UserService/UserService.csproj" />
</Solution>
