<Solution>
  <Project Path="APIGateway/APIGateway.csproj" Id="eeea1eaf-6d13-4287-bc6f-ada909cd9c0e" />
  <Project Path="CartService/CartService.csproj" />
  <Project Path="InventoryService/InventoryService.csproj" />
  <Project Path="OrderService/OrderService.csproj" />
  <Project Path="PaymentService/PaymentService.csproj" />
  <Project Path="ProductCategoryService/ProductCategoryService.csproj" />
  <Project Path="ProductService/ProductService.csproj" />
  <Project Path="PurchaseService/PurchaseService.csproj" />
  <Project Path="ReviewService/ReviewService.csproj" />
  <Project Path="UserService/UserService.csproj" />
</Solution>
